
Microsoft Visual Studio Solution File, Format Version 12.00
# Visual Studio Version 16
VisualStudioVersion = 16.0.31613.86
MinimumVisualStudioVersion = 10.0.40219.1
Project("{8BC9CEB8-8B4A-11D0-8D11-00A0C91BC942}") = "soinsu", "soinsu\soinsu.vcxproj", "{ADCE1972-EBF7-4CDC-83B2-D9BF75E0174B}"
EndProject
Global
	GlobalSection(SolutionConfigurationPlatforms) = preSolution
		Debug|x64 = Debug|x64
		Debug|x86 = Debug|x86
		Release|x64 = Release|x64
		Release|x86 = Release|x86
	EndGlobalSection
	GlobalSection(ProjectConfigurationPlatforms) = postSolution
		{ADCE1972-EBF7-4CDC-83B2-D9BF75E0174B}.Debug|x64.ActiveCfg = Debug|x64
		{ADCE1972-EBF7-4CDC-83B2-D9BF75E0174B}.Debug|x64.Build.0 = Debug|x64
		{ADCE1972-EBF7-4CDC-83B2-D9BF75E0174B}.Debug|x86.ActiveCfg = Debug|Win32
		{ADCE1972-EBF7-4CDC-83B2-D9BF75E0174B}.Debug|x86.Build.0 = Debug|Win32
		{ADCE1972-EBF7-4CDC-83B2-D9BF75E0174B}.Release|x64.ActiveCfg = Release|x64
		{ADCE1972-EBF7-4CDC-83B2-D9BF75E0174B}.Release|x64.Build.0 = Release|x64
		{ADCE1972-EBF7-4CDC-83B2-D9BF75E0174B}.Release|x86.ActiveCfg = Release|Win32
		{ADCE1972-EBF7-4CDC-83B2-D9BF75E0174B}.Release|x86.Build.0 = Release|Win32
	EndGlobalSection
	GlobalSection(SolutionProperties) = preSolution
		HideSolutionNode = FALSE
	EndGlobalSection
	GlobalSection(ExtensibilityGlobals) = postSolution
		SolutionGuid = {66A45DD1-C036-48F7-913D-C1A855388A58}
	EndGlobalSection
EndGlobal
